
Microsoft Visual Studio Solution File, Format Version 12.00
# Visual Studio Version 16
VisualStudioVersion = 16.0.32002.261
MinimumVisualStudioVersion = 10.0.40219.1
Project("{F184B08F-C81C-45F6-A57F-5ABD9991F28F}") = "DemoForm", "DemoForm.vbproj", "{4CF13BC7-8483-4E1D-BEF7-40673ACA0FB7}"
EndProject
Global
	GlobalSection(SolutionConfigurationPlatforms) = preSolution
		Debug|Any CPU = Debug|Any CPU
		Release|Any CPU = Release|Any CPU
	EndGlobalSection
	GlobalSection(ProjectConfigurationPlatforms) = postSolution
		{4CF13BC7-8483-4E1D-BEF7-40673ACA0FB7}.Debug|Any CPU.ActiveCfg = Debug|Any CPU
		{4CF13BC7-8483-4E1D-BEF7-40673ACA0FB7}.Debug|Any CPU.Build.0 = Debug|Any CPU
		{4CF13BC7-8483-4E1D-BEF7-40673ACA0FB7}.Release|Any CPU.ActiveCfg = Release|Any CPU
		{4CF13BC7-8483-4E1D-BEF7-40673ACA0FB7}.Release|Any CPU.Build.0 = Release|Any CPU
	EndGlobalSection
	GlobalSection(SolutionProperties) = preSolution
		HideSolutionNode = FALSE
	EndGlobalSection
	GlobalSection(ExtensibilityGlobals) = postSolution
		SolutionGuid = {4ABB1842-4CC1-4A00-915A-F5936A3A819B}
	EndGlobalSection
EndGlobal
